
Microsoft Visual Studio Solution File, Format Version 12.00
# Visual Studio Version 16
VisualStudioVersion = 16.0.30717.126
MinimumVisualStudioVersion = 10.0.40219.1
Project("{FAE04EC0-301F-11D3-BF4B-00C04F79EFBC}") = "AlgoliaIntegration", "AlgoliaIntegration\AlgoliaIntegration.csproj", "{E1717EB5-59AD-4057-B872-93B37DA10B5E}"
EndProject
Global
	GlobalSection(SolutionConfigurationPlatforms) = preSolution
		Debug|Any CPU = Debug|Any CPU
		Release|Any CPU = Release|Any CPU
	EndGlobalSection
	GlobalSection(ProjectConfigurationPlatforms) = postSolution
		{E1717EB5-59AD-4057-B872-93B37DA10B5E}.Debug|Any CPU.ActiveCfg = Debug|Any CPU
		{E1717EB5-59AD-4057-B872-93B37DA10B5E}.Debug|Any CPU.Build.0 = Debug|Any CPU
		{E1717EB5-59AD-4057-B872-93B37DA10B5E}.Release|Any CPU.ActiveCfg = Release|Any CPU
		{E1717EB5-59AD-4057-B872-93B37DA10B5E}.Release|Any CPU.Build.0 = Release|Any CPU
	EndGlobalSection
	GlobalSection(SolutionProperties) = preSolution
		HideSolutionNode = FALSE
	EndGlobalSection
	GlobalSection(ExtensibilityGlobals) = postSolution
		SolutionGuid = {3EA960A3-53AD-47AE-8B71-5693391427A9}
	EndGlobalSection
EndGlobal
